
Microsoft Visual Studio Solution File, Format Version 12.00
# Visual Studio Version 16
VisualStudioVersion = 25.0.1703.6
MinimumVisualStudioVersion = 10.0.40219.1
Project("{FAE04EC0-301F-11D3-BF4B-00C04F79EFBC}") = "EShop.Web", "EShop.Web.csproj", "{D433C3C1-957F-4EAC-BC50-ABCF67203907}"
EndProject
Global
	GlobalSection(SolutionConfigurationPlatforms) = preSolution
		Debug|Any CPU = Debug|Any CPU
		Release|Any CPU = Release|Any CPU
	EndGlobalSection
	GlobalSection(ProjectConfigurationPlatforms) = postSolution
		{D433C3C1-957F-4EAC-BC50-ABCF67203907}.Debug|Any CPU.ActiveCfg = Debug|Any CPU
		{D433C3C1-957F-4EAC-BC50-ABCF67203907}.Debug|Any CPU.Build.0 = Debug|Any CPU
		{D433C3C1-957F-4EAC-BC50-ABCF67203907}.Release|Any CPU.ActiveCfg = Release|Any CPU
		{D433C3C1-957F-4EAC-BC50-ABCF67203907}.Release|Any CPU.Build.0 = Release|Any CPU
	EndGlobalSection
	GlobalSection(SolutionProperties) = preSolution
		HideSolutionNode = FALSE
	EndGlobalSection
	GlobalSection(ExtensibilityGlobals) = postSolution
		SolutionGuid = {0CE73FED-B585-49C4-8B55-C885DDBFB5E6}
	EndGlobalSection
EndGlobal
